{
  "name": "@jeremiaseh/mam-client",
  "version": "1.0.0-beta.1",
  "lockfileVersion": 1,
  "requires": true,
  "dependencies": {
    "@iota/bundle": {
      "version": "1.0.0-beta.21",
      "resolved": "https://pkgs.dev.azure.com/schwarzit/_packaging/cake/npm/registry/@iota/bundle/-/bundle-1.0.0-beta.21.tgz",
      "integrity": "sha1-Qda0ELXdmHpYQJ/PYHisMjzJv1c=",
      "requires": {
        "@iota/converter": "^1.0.0-beta.21",
        "@iota/kerl": "^1.0.0-beta.21",
        "@iota/signing": "^1.0.0-beta.21",
        "@iota/transaction": "^1.0.0-beta.21",
        "@types/warning": "^3.0.0",
        "warning": "^4.0.3"
      }
    },
    "@iota/bundle-validator": {
      "version": "1.0.0-beta.21",
      "resolved": "https://pkgs.dev.azure.com/schwarzit/_packaging/cake/npm/registry/@iota/bundle-validator/-/bundle-validator-1.0.0-beta.21.tgz",
      "integrity": "sha1-PlX/kkRsMzfDK7aTt7aU8Io9xvY=",
      "requires": {
        "@iota/converter": "^1.0.0-beta.21",
        "@iota/kerl": "^1.0.0-beta.21",
        "@iota/signing": "^1.0.0-beta.21",
        "@iota/transaction": "^1.0.0-beta.21",
        "@iota/transaction-converter": "^1.0.0-beta.21"
      }
    },
    "@iota/checksum": {
      "version": "1.0.0-beta.21",
      "resolved": "https://pkgs.dev.azure.com/schwarzit/_packaging/cake/npm/registry/@iota/checksum/-/checksum-1.0.0-beta.21.tgz",
      "integrity": "sha1-e6H7qVr/pzo6RKyUVaIrWZYXYvU=",
      "requires": {
        "@iota/converter": "^1.0.0-beta.21",
        "@iota/kerl": "^1.0.0-beta.21"
      }
    },
    "@iota/converter": {
      "version": "1.0.0-beta.21",
      "resolved": "https://pkgs.dev.azure.com/schwarzit/_packaging/cake/npm/registry/@iota/converter/-/converter-1.0.0-beta.21.tgz",
      "integrity": "sha1-6pS7c4zx33U1MOYKIInuGHYi+uI=",
      "requires": {
        "core-js": "^3.1.4"
      }
    },
    "@iota/core": {
      "version": "1.0.0-beta.21",
      "resolved": "https://pkgs.dev.azure.com/schwarzit/_packaging/cake/npm/registry/@iota/core/-/core-1.0.0-beta.21.tgz",
      "integrity": "sha1-GMarZ5ujvMipNDXevMHNuif88fs=",
      "requires": {
        "@iota/bundle": "^1.0.0-beta.21",
        "@iota/bundle-validator": "^1.0.0-beta.21",
        "@iota/checksum": "^1.0.0-beta.21",
        "@iota/converter": "^1.0.0-beta.21",
        "@iota/curl": "^1.0.0-beta.19",
        "@iota/http-client": "^1.0.0-beta.21",
        "@iota/kerl": "^1.0.0-beta.21",
        "@iota/pad": "^1.0.0-beta.19",
        "@iota/signing": "^1.0.0-beta.21",
        "@iota/transaction": "^1.0.0-beta.21",
        "@iota/transaction-converter": "^1.0.0-beta.21",
        "bluebird": "^3.5.5"
      }
    },
    "@iota/curl": {
      "version": "1.0.0-beta.19",
      "resolved": "https://pkgs.dev.azure.com/schwarzit/_packaging/cake/npm/registry/@iota/curl/-/curl-1.0.0-beta.19.tgz",
      "integrity": "sha1-fDC+xMciXq8aaRgCJRyRmRd6VKg="
    },
    "@iota/http-client": {
      "version": "1.0.0-beta.21",
      "resolved": "https://pkgs.dev.azure.com/schwarzit/_packaging/cake/npm/registry/@iota/http-client/-/http-client-1.0.0-beta.21.tgz",
      "integrity": "sha1-Cg/FlisWgY6HKrrYrwYL+O5bNC0=",
      "requires": {
        "cross-fetch": "^3.0.0",
        "url-parse": "^1.4.7"
      }
    },
    "@iota/kerl": {
      "version": "1.0.0-beta.21",
      "resolved": "https://pkgs.dev.azure.com/schwarzit/_packaging/cake/npm/registry/@iota/kerl/-/kerl-1.0.0-beta.21.tgz",
      "integrity": "sha1-jodgBWr0aa9fxCOUEdJwrnGHoQ0=",
      "requires": {
        "@types/crypto-js": "^3.1.38",
        "crypto-js": "^3.1.9-1"
      }
    },
    "@iota/mam": {
      "version": "0.7.3",
      "resolved": "https://pkgs.dev.azure.com/schwarzit/_packaging/cake/npm/registry/@iota/mam/-/mam-0.7.3.tgz",
      "integrity": "sha1-dmawvXru/QvIsRxyME6TUTRRJPM=",
      "requires": {
        "@iota/converter": "^1.0.0-beta.12",
        "@iota/core": "^1.0.0-beta.12",
        "@iota/curl": "^1.0.0-beta.12"
      }
    },
    "@iota/pad": {
      "version": "1.0.0-beta.19",
      "resolved": "https://pkgs.dev.azure.com/schwarzit/_packaging/cake/npm/registry/@iota/pad/-/pad-1.0.0-beta.19.tgz",
      "integrity": "sha1-/+OevxSb8xAiJoC6+8poxTZ1jRY="
    },
    "@iota/signing": {
      "version": "1.0.0-beta.21",
      "resolved": "https://pkgs.dev.azure.com/schwarzit/_packaging/cake/npm/registry/@iota/signing/-/signing-1.0.0-beta.21.tgz",
      "integrity": "sha1-iNWH3UiFMjWl67bC7esYHqiQwck=",
      "requires": {
        "@iota/converter": "^1.0.0-beta.21",
        "@iota/kerl": "^1.0.0-beta.21",
        "@iota/pad": "^1.0.0-beta.19"
      }
    },
    "@iota/transaction": {
      "version": "1.0.0-beta.21",
      "resolved": "https://pkgs.dev.azure.com/schwarzit/_packaging/cake/npm/registry/@iota/transaction/-/transaction-1.0.0-beta.21.tgz",
      "integrity": "sha1-CeMW+U3wmMdGbKxqfDRUHbRpQvw=",
      "requires": {
        "@iota/converter": "^1.0.0-beta.21",
        "@iota/curl": "^1.0.0-beta.19",
        "@iota/kerl": "^1.0.0-beta.21",
        "@iota/signing": "^1.0.0-beta.21",
        "@types/warning": "^3.0.0",
        "warning": "^4.0.3"
      }
    },
    "@iota/transaction-converter": {
      "version": "1.0.0-beta.21",
      "resolved": "https://pkgs.dev.azure.com/schwarzit/_packaging/cake/npm/registry/@iota/transaction-converter/-/transaction-converter-1.0.0-beta.21.tgz",
      "integrity": "sha1-6SLPg8wgKLelvAYmyGmBvXbuCiE=",
      "requires": {
        "@iota/converter": "^1.0.0-beta.21",
        "@iota/pad": "^1.0.0-beta.19",
        "@iota/transaction": "^1.0.0-beta.21"
      }
    },
    "@types/crypto-js": {
      "version": "3.1.43",
      "resolved": "https://pkgs.dev.azure.com/schwarzit/_packaging/cake/npm/registry/@types/crypto-js/-/crypto-js-3.1.43.tgz",
      "integrity": "sha1-uFk0fWKJuhPjR8M1pMnvpjM3p0g="
    },
    "@types/warning": {
      "version": "3.0.0",
      "resolved": "https://pkgs.dev.azure.com/schwarzit/_packaging/cake/npm/registry/@types/warning/-/warning-3.0.0.tgz",
      "integrity": "sha1-DSUBJorY+ZYrdA04fEZU9fjiPlI="
    },
    "bluebird": {
      "version": "3.7.0",
      "resolved": "https://pkgs.dev.azure.com/schwarzit/_packaging/cake/npm/registry/bluebird/-/bluebird-3.7.0.tgz",
      "integrity": "sha1-VqaohuA/auV3z/7etST48kUCk88="
    },
    "core-js": {
      "version": "3.2.1",
      "resolved": "https://pkgs.dev.azure.com/schwarzit/_packaging/cake/npm/registry/core-js/-/core-js-3.2.1.tgz",
      "integrity": "sha1-zUHzhTTabMWffbBQ/mcwfemGiwk="
    },
    "cross-fetch": {
      "version": "3.0.4",
      "resolved": "https://pkgs.dev.azure.com/schwarzit/_packaging/cake/npm/registry/cross-fetch/-/cross-fetch-3.0.4.tgz",
      "integrity": "sha1-e+9wICB+aEp2OO9fL2mOJNnrKDw=",
      "requires": {
        "node-fetch": "2.6.0",
        "whatwg-fetch": "3.0.0"
      }
    },
    "crypto-js": {
      "version": "3.1.9-1",
      "resolved": "https://pkgs.dev.azure.com/schwarzit/_packaging/cake/npm/registry/crypto-js/-/crypto-js-3.1.9-1.tgz",
      "integrity": "sha1-/aGedh/Ad+Af+/3G6f38WeiAbNg="
    },
    "js-tokens": {
      "version": "4.0.0",
      "resolved": "https://pkgs.dev.azure.com/schwarzit/_packaging/cake/npm/registry/js-tokens/-/js-tokens-4.0.0.tgz",
      "integrity": "sha1-GSA/tZmR35jjoocFDUZHzerzJJk="
    },
    "loose-envify": {
      "version": "1.4.0",
      "resolved": "https://pkgs.dev.azure.com/schwarzit/_packaging/cake/npm/registry/loose-envify/-/loose-envify-1.4.0.tgz",
      "integrity": "sha1-ce5R+nvkyuwaY4OffmgtgTLTDK8=",
      "requires": {
        "js-tokens": "^3.0.0 || ^4.0.0"
      }
    },
    "node-fetch": {
      "version": "2.6.0",
      "resolved": "https://pkgs.dev.azure.com/schwarzit/_packaging/cake/npm/registry/node-fetch/-/node-fetch-2.6.0.tgz",
      "integrity": "sha1-5jNFY4bUqlWGP2dqerDaqP3ssP0="
    },
    "querystringify": {
      "version": "2.1.1",
      "resolved": "https://pkgs.dev.azure.com/schwarzit/_packaging/cake/npm/registry/querystringify/-/querystringify-2.1.1.tgz",
      "integrity": "sha1-YOWl/WSn+L+k0qsu1v30yFutFU4="
    },
    "requires-port": {
      "version": "1.0.0",
      "resolved": "https://pkgs.dev.azure.com/schwarzit/_packaging/cake/npm/registry/requires-port/-/requires-port-1.0.0.tgz",
      "integrity": "sha1-kl0mAdOaxIXgkc8NpcbmlNw9yv8="
    },
    "url-parse": {
      "version": "1.5.3",
      "resolved": "https://registry.npmjs.org/url-parse/-/url-parse-1.5.3.tgz",
      "integrity": "sha512-IIORyIQD9rvj0A4CLWsHkBBJuNqWpFQe224b6j9t/ABmquIS0qDU2pY6kl6AuOrL5OkCXHMCFNe1jBcuAggjvQ==",
      "requires": {
        "querystringify": "^2.1.1",
        "requires-port": "^1.0.0"
      }
    },
    "warning": {
      "version": "4.0.3",
      "resolved": "https://pkgs.dev.azure.com/schwarzit/_packaging/cake/npm/registry/warning/-/warning-4.0.3.tgz",
      "integrity": "sha1-Fungd+uKhtavfWSqHgX9hbRnjKM=",
      "requires": {
        "loose-envify": "^1.0.0"
      }
    },
    "whatwg-fetch": {
      "version": "3.0.0",
      "resolved": "https://pkgs.dev.azure.com/schwarzit/_packaging/cake/npm/registry/whatwg-fetch/-/whatwg-fetch-3.0.0.tgz",
      "integrity": "sha1-/IBORYzEYACbGiuWa8iBfSV4rvs="
    }
  }
}
